
Microsoft Visual Studio Solution File, Format Version 12.00
# Visual Studio Version 16
VisualStudioVersion = 16.0.30225.117
MinimumVisualStudioVersion = 10.0.40219.1
Project("{FAE04EC0-301F-11D3-BF4B-00C04F79EFBC}") = "RandomPicture", "RandomPicture\RandomPicture.csproj", "{48C9F407-42A4-4F2C-8AF1-2DFE4AF2CD53}"
EndProject
Global
	GlobalSection(SolutionConfigurationPlatforms) = preSolution
		Debug|Any CPU = Debug|Any CPU
		Release|Any CPU = Release|Any CPU
	EndGlobalSection
	GlobalSection(ProjectConfigurationPlatforms) = postSolution
		{48C9F407-42A4-4F2C-8AF1-2DFE4AF2CD53}.Debug|Any CPU.ActiveCfg = Debug|Any CPU
		{48C9F407-42A4-4F2C-8AF1-2DFE4AF2CD53}.Debug|Any CPU.Build.0 = Debug|Any CPU
		{48C9F407-42A4-4F2C-8AF1-2DFE4AF2CD53}.Release|Any CPU.ActiveCfg = Release|Any CPU
		{48C9F407-42A4-4F2C-8AF1-2DFE4AF2CD53}.Release|Any CPU.Build.0 = Release|Any CPU
	EndGlobalSection
	GlobalSection(SolutionProperties) = preSolution
		HideSolutionNode = FALSE
	EndGlobalSection
	GlobalSection(ExtensibilityGlobals) = postSolution
		SolutionGuid = {90C00133-55AF-453B-AB92-C9B43421B020}
	EndGlobalSection
EndGlobal
